{
  "nodes": {
    "agdaGitHub": {
      "inputs": {
        "flake-utils": "flake-utils",
        "nixpkgs": "nixpkgs"
      },
      "locked": {
        "lastModified": 1638808721,
        "narHash": "sha256-fCOVhBXeVK8HUUZQF3cwTaWSHbNguA7w6wOXKbxwZ1Y=",
        "owner": "agda",
        "repo": "agda",
        "rev": "022837331ad3c782e2bf915fda88e090b4d117dd",
        "type": "github"
      },
      "original": {
        "owner": "agda",
        "repo": "agda",
        "rev": "022837331ad3c782e2bf915fda88e090b4d117dd",
        "type": "github"
      }
    },
    "bemenuFocusGitHub": {
      "inputs": {
        "flake-utils": "flake-utils_2",
        "nixpkgs": [
          "nixpkgs"
        ]
      },
      "locked": {
        "lastModified": 1643991617,
        "narHash": "sha256-VWwd6grh7/SzvM/gvwNRZfJfLp6MYalm5P+sgn3zyjg=",
        "owner": "jeslie0",
        "repo": "bemenuFocus",
        "rev": "ea3f6ad77ee09ae5466bf5f376f3a191a5d665b3",
        "type": "github"
      },
      "original": {
        "owner": "jeslie0",
        "repo": "bemenuFocus",
        "type": "github"
      }
    },
    "emacs-overlay": {
      "locked": {
        "lastModified": 1644575200,
        "narHash": "sha256-7BaSTzlAI/xndvPIieZSZOB5Nsgtrb7L5HqdGGdVbwg=",
        "owner": "nix-community",
        "repo": "emacs-overlay",
        "rev": "da2f552d133497abd434006e0cae996c0a282394",
        "type": "github"
      },
      "original": {
        "owner": "nix-community",
        "repo": "emacs-overlay",
        "rev": "da2f552d133497abd434006e0cae996c0a282394",
        "type": "github"
      }
    },
    "flake-utils": {
      "locked": {
        "lastModified": 1623875721,
        "narHash": "sha256-A8BU7bjS5GirpAUv4QA+QnJ4CceLHkcXdRp4xITDB0s=",
        "owner": "numtide",
        "repo": "flake-utils",
        "rev": "f7e004a55b120c02ecb6219596820fcd32ca8772",
        "type": "github"
      },
      "original": {
        "owner": "numtide",
        "repo": "flake-utils",
        "type": "github"
      }
    },
    "flake-utils_2": {
      "locked": {
        "lastModified": 1642700792,
        "narHash": "sha256-XqHrk7hFb+zBvRg6Ghl+AZDq03ov6OshJLiSWOoX5es=",
        "owner": "numtide",
        "repo": "flake-utils",
        "rev": "846b2ae0fc4cc943637d3d1def4454213e203cba",
        "type": "github"
      },
      "original": {
        "owner": "numtide",
        "repo": "flake-utils",
        "type": "github"
      }
    },
    "flake-utils_3": {
      "locked": {
        "lastModified": 1644229661,
        "narHash": "sha256-1YdnJAsNy69bpcjuoKdOYQX0YxZBiCYZo4Twxerqv7k=",
        "owner": "numtide",
        "repo": "flake-utils",
        "rev": "3cecb5b042f7f209c56ffd8371b2711a290ec797",
        "type": "github"
      },
      "original": {
        "owner": "numtide",
        "repo": "flake-utils",
        "type": "github"
      }
    },
    "flake-utils_4": {
      "locked": {
        "lastModified": 1638122382,
        "narHash": "sha256-sQzZzAbvKEqN9s0bzWuYmRaA03v40gaJ4+iL1LXjaeI=",
        "owner": "numtide",
        "repo": "flake-utils",
        "rev": "74f7e4319258e287b0f9cb95426c9853b282730b",
        "type": "github"
      },
      "original": {
        "owner": "numtide",
        "repo": "flake-utils",
        "type": "github"
      }
    },
    "flake-utils_5": {
      "locked": {
        "lastModified": 1642700792,
        "narHash": "sha256-XqHrk7hFb+zBvRg6Ghl+AZDq03ov6OshJLiSWOoX5es=",
        "owner": "numtide",
        "repo": "flake-utils",
        "rev": "846b2ae0fc4cc943637d3d1def4454213e203cba",
        "type": "github"
      },
      "original": {
        "owner": "numtide",
        "repo": "flake-utils",
        "type": "github"
      }
    },
    "home-manager": {
      "inputs": {
        "nixpkgs": [
          "nixpkgs"
        ]
      },
      "locked": {
        "lastModified": 1645140957,
        "narHash": "sha256-WTJzLSCDLBI537o2L/3kRyqEV5YRT7+1QSGryeKReHE=",
        "owner": "nix-community",
        "repo": "home-manager",
        "rev": "4f4165a8b9108818ab0193bbd1a252106870b2a2",
        "type": "github"
      },
      "original": {
        "owner": "nix-community",
        "ref": "master",
        "repo": "home-manager",
        "type": "github"
      }
    },
    "myfonts": {
      "inputs": {
        "flake-utils": "flake-utils_3",
        "nixpkgs": [
          "nixpkgs"
        ]
      },
      "locked": {
        "lastModified": 1645739462,
        "narHash": "sha256-nLygGM1bpXXOpp6tA/tc6rP132fRq1Nxaas/d2jBBQ8=",
        "owner": "jeslie0",
        "repo": "my-fonts-flake",
        "rev": "21ef8183ca9d4c00410536103ee1f5fc4ea21673",
        "type": "github"
      },
      "original": {
        "owner": "jeslie0",
        "repo": "my-fonts-flake",
        "type": "github"
      }
    },
    "nixpkgs": {
      "locked": {
        "lastModified": 1628427995,
        "narHash": "sha256-Rut8HcmyPTHMDx1NoGlF2Cmqv6n+fOL5bakcsfW4KFE=",
        "owner": "NixOS",
        "repo": "nixpkgs",
        "rev": "c481b497d5c3754c50e89795c6d903dd0d130baa",
        "type": "github"
      },
      "original": {
        "id": "nixpkgs",
        "type": "indirect"
      }
    },
    "nixpkgs_2": {
      "locked": {
        "lastModified": 1644525281,
        "narHash": "sha256-D3VuWLdnLmAXIkooWAtbTGSQI9Fc1lkvAr94wTxhnTU=",
        "owner": "NixOS",
        "repo": "nixpkgs",
        "rev": "48d63e924a2666baf37f4f14a18f19347fbd54a2",
        "type": "github"
      },
      "original": {
        "id": "nixpkgs",
        "ref": "nixos-unstable",
        "type": "indirect"
      }
    },
    "nur": {
      "locked": {
        "lastModified": 1645280529,
        "narHash": "sha256-J6nd6e2wsxVTUvoLJY2TBR1ShqHmHM7/1q+ft9287B8=",
        "owner": "nix-community",
        "repo": "NUR",
        "rev": "5210ccd8a91c1487725ba57642269b990435f0cc",
        "type": "github"
      },
      "original": {
        "id": "nur",
        "type": "indirect"
      }
    },
    "passbemenuGitHub": {
      "inputs": {
        "flake-utils": "flake-utils_4",
        "nixpkgs": [
          "nixpkgs"
        ]
      },
      "locked": {
        "lastModified": 1640979818,
        "narHash": "sha256-3fB0Gw4abyoCAqkjZ1T/hFaW60WKwBgfyY7NSShJoG4=",
        "owner": "jeslie0",
        "repo": "passbemenu",
        "rev": "9c4f1ba6fd3fd3989e87de7dca26be73a93ffbaa",
        "type": "github"
      },
      "original": {
        "owner": "jeslie0",
        "repo": "passbemenu",
        "type": "github"
      }
    },
    "root": {
      "inputs": {
        "agdaGitHub": "agdaGitHub",
        "bemenuFocusGitHub": "bemenuFocusGitHub",
        "emacs-overlay": "emacs-overlay",
        "home-manager": "home-manager",
        "myfonts": "myfonts",
        "nixpkgs": "nixpkgs_2",
        "nur": "nur",
        "passbemenuGitHub": "passbemenuGitHub",
        "swaybgchangerGitHub": "swaybgchangerGitHub"
      }
    },
    "swaybgchangerGitHub": {
      "inputs": {
        "flake-utils": "flake-utils_5",
        "nixpkgs": [
          "nixpkgs"
        ]
      },
      "locked": {
        "lastModified": 1644351699,
        "narHash": "sha256-sjXZM8O5WhlEPi3CCb4uEpTJ34J3Udhar/yhNXo1Q1s=",
        "owner": "jeslie0",
        "repo": "swaybgchanger",
        "rev": "655d27805922e7203a608144ad83800099c6baf3",
        "type": "github"
      },
      "original": {
        "owner": "jeslie0",
        "repo": "swaybgchanger",
        "type": "github"
      }
    }
  },
  "root": "root",
  "version": 7
}
