{
  "nodes": {
    "agdaGitHub": {
      "inputs": {
        "flake-utils": "flake-utils",
        "nixpkgs": "nixpkgs"
      },
      "locked": {
        "lastModified": 1638808721,
        "narHash": "sha256-fCOVhBXeVK8HUUZQF3cwTaWSHbNguA7w6wOXKbxwZ1Y=",
        "owner": "agda",
        "repo": "agda",
        "rev": "022837331ad3c782e2bf915fda88e090b4d117dd",
        "type": "github"
      },
      "original": {
        "owner": "agda",
        "repo": "agda",
        "rev": "022837331ad3c782e2bf915fda88e090b4d117dd",
        "type": "github"
      }
    },
    "bemenuFocusGitHub": {
      "inputs": {
        "flake-utils": "flake-utils_2",
        "nixpkgs": [
          "nixpkgs"
        ]
      },
      "locked": {
        "lastModified": 1650888161,
        "narHash": "sha256-miaLKud3JDTHLzV1V5Pk6LStaYKUxNNimhAmcxIrjvw=",
        "owner": "jeslie0",
        "repo": "bemenuFocus",
        "rev": "c1de1fcfd58149dde541a3932124492b23efdfb3",
        "type": "github"
      },
      "original": {
        "owner": "jeslie0",
        "repo": "bemenuFocus",
        "type": "github"
      }
    },
    "emacs-overlay": {
      "locked": {
        "lastModified": 1650859355,
        "narHash": "sha256-p1OGPwJYkehsudHycEp++EdSTwpW1C9kBbz2Uz3paFU=",
        "owner": "nix-community",
        "repo": "emacs-overlay",
        "rev": "ce0571f95210dc4c00a3affb4128012947f9a250",
        "type": "github"
      },
      "original": {
        "owner": "nix-community",
        "repo": "emacs-overlay",
        "rev": "ce0571f95210dc4c00a3affb4128012947f9a250",
        "type": "github"
      }
    },
    "flake-utils": {
      "locked": {
        "lastModified": 1623875721,
        "narHash": "sha256-A8BU7bjS5GirpAUv4QA+QnJ4CceLHkcXdRp4xITDB0s=",
        "owner": "numtide",
        "repo": "flake-utils",
        "rev": "f7e004a55b120c02ecb6219596820fcd32ca8772",
        "type": "github"
      },
      "original": {
        "owner": "numtide",
        "repo": "flake-utils",
        "type": "github"
      }
    },
    "flake-utils_2": {
      "locked": {
        "lastModified": 1642700792,
        "narHash": "sha256-XqHrk7hFb+zBvRg6Ghl+AZDq03ov6OshJLiSWOoX5es=",
        "owner": "numtide",
        "repo": "flake-utils",
        "rev": "846b2ae0fc4cc943637d3d1def4454213e203cba",
        "type": "github"
      },
      "original": {
        "owner": "numtide",
        "repo": "flake-utils",
        "type": "github"
      }
    },
    "flake-utils_3": {
      "locked": {
        "lastModified": 1649676176,
        "narHash": "sha256-OWKJratjt2RW151VUlJPRALb7OU2S5s+f0vLj4o1bHM=",
        "owner": "numtide",
        "repo": "flake-utils",
        "rev": "a4b154ebbdc88c8498a5c7b01589addc9e9cb678",
        "type": "github"
      },
      "original": {
        "owner": "numtide",
        "repo": "flake-utils",
        "type": "github"
      }
    },
    "flake-utils_4": {
      "locked": {
        "lastModified": 1638122382,
        "narHash": "sha256-sQzZzAbvKEqN9s0bzWuYmRaA03v40gaJ4+iL1LXjaeI=",
        "owner": "numtide",
        "repo": "flake-utils",
        "rev": "74f7e4319258e287b0f9cb95426c9853b282730b",
        "type": "github"
      },
      "original": {
        "owner": "numtide",
        "repo": "flake-utils",
        "type": "github"
      }
    },
    "flake-utils_5": {
      "locked": {
        "lastModified": 1642700792,
        "narHash": "sha256-XqHrk7hFb+zBvRg6Ghl+AZDq03ov6OshJLiSWOoX5es=",
        "owner": "numtide",
        "repo": "flake-utils",
        "rev": "846b2ae0fc4cc943637d3d1def4454213e203cba",
        "type": "github"
      },
      "original": {
        "owner": "numtide",
        "repo": "flake-utils",
        "type": "github"
      }
    },
    "flake-utils_6": {
      "locked": {
        "lastModified": 1648297722,
        "narHash": "sha256-W+qlPsiZd8F3XkzXOzAoR+mpFqzm3ekQkJNa+PIh1BQ=",
        "owner": "numtide",
        "repo": "flake-utils",
        "rev": "0f8662f1319ad6abf89b3380dd2722369fc51ade",
        "type": "github"
      },
      "original": {
        "owner": "numtide",
        "repo": "flake-utils",
        "type": "github"
      }
    },
    "home-manager": {
      "inputs": {
        "nixpkgs": [
          "nixpkgs"
        ]
      },
      "locked": {
        "lastModified": 1650920743,
        "narHash": "sha256-7xxdtLp295HswhyEjr991QJsBFeadUo43NiAsHnQ5+8=",
        "owner": "nix-community",
        "repo": "home-manager",
        "rev": "223a73c2ba7d358b23666937cb13a59b31df511c",
        "type": "github"
      },
      "original": {
        "owner": "nix-community",
        "ref": "master",
        "repo": "home-manager",
        "type": "github"
      }
    },
    "myfonts": {
      "inputs": {
        "flake-utils": "flake-utils_3",
        "nixpkgs": [
          "nixpkgs"
        ]
      },
      "locked": {
        "lastModified": 1650990587,
        "narHash": "sha256-knBfthTskDT8RJFBTQOCjKh8dEhtT6dFLCsX12eQ3KQ=",
        "owner": "jeslie0",
        "repo": "fonts",
        "rev": "b1269770f3b5b3b8733c61df037788e080b71588",
        "type": "github"
      },
      "original": {
        "owner": "jeslie0",
        "repo": "fonts",
        "type": "github"
      }
    },
    "nixpkgs": {
      "locked": {
        "lastModified": 1628427995,
        "narHash": "sha256-Rut8HcmyPTHMDx1NoGlF2Cmqv6n+fOL5bakcsfW4KFE=",
        "owner": "NixOS",
        "repo": "nixpkgs",
        "rev": "c481b497d5c3754c50e89795c6d903dd0d130baa",
        "type": "github"
      },
      "original": {
        "id": "nixpkgs",
        "type": "indirect"
      }
    },
    "nixpkgs_2": {
      "locked": {
        "lastModified": 1650831523,
        "narHash": "sha256-6pDZ08SAXsUx5rOP391x+TG39ENP/XA8VMa1tQvgEjc=",
        "owner": "NixOS",
        "repo": "nixpkgs",
        "rev": "87d34a6b8982e901b8e50096b8e79ebc0e66cda0",
        "type": "github"
      },
      "original": {
        "id": "nixpkgs",
        "ref": "nixos-unstable",
        "type": "indirect"
      }
    },
    "passbemenuGitHub": {
      "inputs": {
        "flake-utils": "flake-utils_4",
        "nixpkgs": [
          "nixpkgs"
        ]
      },
      "locked": {
        "lastModified": 1640979818,
        "narHash": "sha256-3fB0Gw4abyoCAqkjZ1T/hFaW60WKwBgfyY7NSShJoG4=",
        "owner": "jeslie0",
        "repo": "passbemenu",
        "rev": "9c4f1ba6fd3fd3989e87de7dca26be73a93ffbaa",
        "type": "github"
      },
      "original": {
        "owner": "jeslie0",
        "repo": "passbemenu",
        "type": "github"
      }
    },
    "root": {
      "inputs": {
        "agdaGitHub": "agdaGitHub",
        "bemenuFocusGitHub": "bemenuFocusGitHub",
        "emacs-overlay": "emacs-overlay",
        "home-manager": "home-manager",
        "myfonts": "myfonts",
        "nixpkgs": "nixpkgs_2",
        "passbemenuGitHub": "passbemenuGitHub",
        "swaybgchangerGitHub": "swaybgchangerGitHub",
        "swaylockeffectsGitHub": "swaylockeffectsGitHub"
      }
    },
    "swaybgchangerGitHub": {
      "inputs": {
        "flake-utils": "flake-utils_5",
        "nixpkgs": [
          "nixpkgs"
        ]
      },
      "locked": {
        "lastModified": 1647361963,
        "narHash": "sha256-IrVoMnMYoa7l/oiHCHuilzoKtB2lVPjBRoM6kR3nEdo=",
        "owner": "jeslie0",
        "repo": "swaybgchanger",
        "rev": "b2fe2e8dd28213899f3a4c1b5c33f3cd1a537544",
        "type": "github"
      },
      "original": {
        "owner": "jeslie0",
        "repo": "swaybgchanger",
        "type": "github"
      }
    },
    "swaylockeffectsGitHub": {
      "inputs": {
        "flake-utils": "flake-utils_6",
        "nixpkgs": [
          "nixpkgs"
        ]
      },
      "locked": {
        "lastModified": 1649088271,
        "narHash": "sha256-tY6JCWym8pwP50H+TdQTdscIRrq0G2g8wCXLJfQlB2k=",
        "owner": "jeslie0",
        "repo": "swaylock-effects-git",
        "rev": "88d91637b3e0ecfb10e7ff0386716db9d217516a",
        "type": "github"
      },
      "original": {
        "owner": "jeslie0",
        "repo": "swaylock-effects-git",
        "type": "github"
      }
    }
  },
  "root": "root",
  "version": 7
}
