{
  "nodes": {
    "agdaGitHub": {
      "inputs": {
        "flake-utils": "flake-utils",
        "nixpkgs": "nixpkgs"
      },
      "locked": {
        "lastModified": 1638808721,
        "narHash": "sha256-fCOVhBXeVK8HUUZQF3cwTaWSHbNguA7w6wOXKbxwZ1Y=",
        "owner": "agda",
        "repo": "agda",
        "rev": "022837331ad3c782e2bf915fda88e090b4d117dd",
        "type": "github"
      },
      "original": {
        "owner": "agda",
        "repo": "agda",
        "rev": "022837331ad3c782e2bf915fda88e090b4d117dd",
        "type": "github"
      }
    },
    "bemenuFocusGitHub": {
      "inputs": {
        "flake-utils": "flake-utils_2",
        "nixpkgs": [
          "nixpkgs"
        ]
      },
      "locked": {
        "lastModified": 1650888161,
        "narHash": "sha256-miaLKud3JDTHLzV1V5Pk6LStaYKUxNNimhAmcxIrjvw=",
        "owner": "jeslie0",
        "repo": "bemenuFocus",
        "rev": "c1de1fcfd58149dde541a3932124492b23efdfb3",
        "type": "github"
      },
      "original": {
        "owner": "jeslie0",
        "repo": "bemenuFocus",
        "type": "github"
      }
    },
    "emacs-overlay": {
      "inputs": {
        "emacs-overlay": "emacs-overlay_2",
        "flake-utils": "flake-utils_4",
        "nixpkgs": "nixpkgs_3"
      },
      "locked": {
        "lastModified": 1664305298,
        "narHash": "sha256-j1eMQFzSF81HjeRyysemJB/q3w8U2L5jw8Cp1VSE+cg=",
        "ref": "refs/heads/main",
        "rev": "6af2b0e1436aa69cec4a8a24a49e5eeaaff2d6b2",
        "revCount": 3,
        "type": "git",
        "url": "file:///home/james/Documents/Emacs"
      },
      "original": {
        "type": "git",
        "url": "file:///home/james/Documents/Emacs"
      }
    },
    "emacs-overlay_2": {
      "inputs": {
        "flake-utils": "flake-utils_3",
        "nixpkgs": "nixpkgs_2"
      },
      "locked": {
        "lastModified": 1663560500,
        "narHash": "sha256-cZYYTB+pTgg0ntW7f1WjtMVZjUAxAerL+Ju5C8FrI7E=",
        "owner": "nix-community",
        "repo": "emacs-overlay",
        "rev": "a705e6198d9cf4c5f7e1f4912f5e23f0b8bd7396",
        "type": "github"
      },
      "original": {
        "owner": "nix-community",
        "repo": "emacs-overlay",
        "rev": "8ff1524472abef7c86c9e9c221d8969911074b4a",
        "type": "github"
      }
    },
    "flake-utils": {
      "locked": {
        "lastModified": 1623875721,
        "narHash": "sha256-A8BU7bjS5GirpAUv4QA+QnJ4CceLHkcXdRp4xITDB0s=",
        "owner": "numtide",
        "repo": "flake-utils",
        "rev": "f7e004a55b120c02ecb6219596820fcd32ca8772",
        "type": "github"
      },
      "original": {
        "owner": "numtide",
        "repo": "flake-utils",
        "type": "github"
      }
    },
    "flake-utils_2": {
      "locked": {
        "lastModified": 1642700792,
        "narHash": "sha256-XqHrk7hFb+zBvRg6Ghl+AZDq03ov6OshJLiSWOoX5es=",
        "owner": "numtide",
        "repo": "flake-utils",
        "rev": "846b2ae0fc4cc943637d3d1def4454213e203cba",
        "type": "github"
      },
      "original": {
        "owner": "numtide",
        "repo": "flake-utils",
        "type": "github"
      }
    },
    "flake-utils_3": {
      "locked": {
        "lastModified": 1659877975,
        "narHash": "sha256-zllb8aq3YO3h8B/U0/J1WBgAL8EX5yWf5pMj3G0NAmc=",
        "owner": "numtide",
        "repo": "flake-utils",
        "rev": "c0e246b9b83f637f4681389ecabcb2681b4f3af0",
        "type": "github"
      },
      "original": {
        "owner": "numtide",
        "repo": "flake-utils",
        "type": "github"
      }
    },
    "flake-utils_4": {
      "locked": {
        "lastModified": 1659877975,
        "narHash": "sha256-zllb8aq3YO3h8B/U0/J1WBgAL8EX5yWf5pMj3G0NAmc=",
        "owner": "numtide",
        "repo": "flake-utils",
        "rev": "c0e246b9b83f637f4681389ecabcb2681b4f3af0",
        "type": "github"
      },
      "original": {
        "owner": "numtide",
        "repo": "flake-utils",
        "type": "github"
      }
    },
    "flake-utils_5": {
      "locked": {
        "lastModified": 1649676176,
        "narHash": "sha256-OWKJratjt2RW151VUlJPRALb7OU2S5s+f0vLj4o1bHM=",
        "owner": "numtide",
        "repo": "flake-utils",
        "rev": "a4b154ebbdc88c8498a5c7b01589addc9e9cb678",
        "type": "github"
      },
      "original": {
        "owner": "numtide",
        "repo": "flake-utils",
        "type": "github"
      }
    },
    "flake-utils_6": {
      "locked": {
        "lastModified": 1638122382,
        "narHash": "sha256-sQzZzAbvKEqN9s0bzWuYmRaA03v40gaJ4+iL1LXjaeI=",
        "owner": "numtide",
        "repo": "flake-utils",
        "rev": "74f7e4319258e287b0f9cb95426c9853b282730b",
        "type": "github"
      },
      "original": {
        "owner": "numtide",
        "repo": "flake-utils",
        "type": "github"
      }
    },
    "flake-utils_7": {
      "locked": {
        "lastModified": 1659877975,
        "narHash": "sha256-zllb8aq3YO3h8B/U0/J1WBgAL8EX5yWf5pMj3G0NAmc=",
        "owner": "numtide",
        "repo": "flake-utils",
        "rev": "c0e246b9b83f637f4681389ecabcb2681b4f3af0",
        "type": "github"
      },
      "original": {
        "owner": "numtide",
        "repo": "flake-utils",
        "type": "github"
      }
    },
    "flake-utils_8": {
      "locked": {
        "lastModified": 1642700792,
        "narHash": "sha256-XqHrk7hFb+zBvRg6Ghl+AZDq03ov6OshJLiSWOoX5es=",
        "owner": "numtide",
        "repo": "flake-utils",
        "rev": "846b2ae0fc4cc943637d3d1def4454213e203cba",
        "type": "github"
      },
      "original": {
        "owner": "numtide",
        "repo": "flake-utils",
        "type": "github"
      }
    },
    "flake-utils_9": {
      "locked": {
        "lastModified": 1648297722,
        "narHash": "sha256-W+qlPsiZd8F3XkzXOzAoR+mpFqzm3ekQkJNa+PIh1BQ=",
        "owner": "numtide",
        "repo": "flake-utils",
        "rev": "0f8662f1319ad6abf89b3380dd2722369fc51ade",
        "type": "github"
      },
      "original": {
        "owner": "numtide",
        "repo": "flake-utils",
        "type": "github"
      }
    },
    "home-manager": {
      "inputs": {
        "nixpkgs": [
          "nixpkgs"
        ],
        "utils": "utils"
      },
      "locked": {
        "lastModified": 1664449551,
        "narHash": "sha256-iTStJtZB1+MppkT+95Ckqy2NDaISb+QcUkOAa0DS0io=",
        "owner": "nix-community",
        "repo": "home-manager",
        "rev": "864ff685fe6443101a0a8f3950d21bcb4330e56a",
        "type": "github"
      },
      "original": {
        "owner": "nix-community",
        "repo": "home-manager",
        "type": "github"
      }
    },
    "myfonts": {
      "inputs": {
        "flake-utils": "flake-utils_5",
        "nixpkgs": [
          "nixpkgs"
        ]
      },
      "locked": {
        "lastModified": 1659893029,
        "narHash": "sha256-YMXrjyOG2462tFnbl+dfkt72gBkfqhXX7bg5URkobeM=",
        "owner": "jeslie0",
        "repo": "fonts",
        "rev": "b140041896201ca1c9263c0d9f9f0ddebbaf1eba",
        "type": "github"
      },
      "original": {
        "owner": "jeslie0",
        "repo": "fonts",
        "type": "github"
      }
    },
    "nixpkgs": {
      "locked": {
        "lastModified": 1628427995,
        "narHash": "sha256-Rut8HcmyPTHMDx1NoGlF2Cmqv6n+fOL5bakcsfW4KFE=",
        "owner": "NixOS",
        "repo": "nixpkgs",
        "rev": "c481b497d5c3754c50e89795c6d903dd0d130baa",
        "type": "github"
      },
      "original": {
        "id": "nixpkgs",
        "type": "indirect"
      }
    },
    "nixpkgs_2": {
      "locked": {
        "lastModified": 1664266718,
        "narHash": "sha256-j2okM1ghRbJY1Akxpu/pkuxIvT9FSycLwUxAYUOr6PI=",
        "owner": "NixOS",
        "repo": "nixpkgs",
        "rev": "2e977bf954e84a981b15ff4d2442802ce9b675f9",
        "type": "github"
      },
      "original": {
        "id": "nixpkgs",
        "type": "indirect"
      }
    },
    "nixpkgs_3": {
      "locked": {
        "lastModified": 1663494472,
        "narHash": "sha256-fSowlaoXXWcAM8m9wA6u+eTJJtvruYHMA+Lb/tFi/qM=",
        "owner": "nixos",
        "repo": "nixpkgs",
        "rev": "f677051b8dc0b5e2a9348941c99eea8c4b0ff28f",
        "type": "github"
      },
      "original": {
        "owner": "nixos",
        "repo": "nixpkgs",
        "rev": "f677051b8dc0b5e2a9348941c99eea8c4b0ff28f",
        "type": "github"
      }
    },
    "nixpkgs_4": {
      "locked": {
        "lastModified": 1664370076,
        "narHash": "sha256-NDnIo0nxJozLwEw0VPM+RApMA90uTfbvaNNtC5eB7Os=",
        "owner": "nixos",
        "repo": "nixpkgs",
        "rev": "854fdc68881791812eddd33b2fed94b954979a8e",
        "type": "github"
      },
      "original": {
        "owner": "nixos",
        "ref": "nixos-unstable",
        "repo": "nixpkgs",
        "type": "github"
      }
    },
    "nixpkgs_5": {
      "locked": {
        "lastModified": 1664106353,
        "narHash": "sha256-HMJP80+DSxFySpWyuxz5+iNozS3+dVt0b4n6YMIU5/8=",
        "owner": "nixos",
        "repo": "nixpkgs",
        "rev": "79d3ca08920364759c63fd3eb562e99c0c17044a",
        "type": "github"
      },
      "original": {
        "owner": "nixos",
        "repo": "nixpkgs",
        "rev": "79d3ca08920364759c63fd3eb562e99c0c17044a",
        "type": "github"
      }
    },
    "passbemenuGitHub": {
      "inputs": {
        "flake-utils": "flake-utils_6",
        "nixpkgs": [
          "nixpkgs"
        ]
      },
      "locked": {
        "lastModified": 1640979818,
        "narHash": "sha256-3fB0Gw4abyoCAqkjZ1T/hFaW60WKwBgfyY7NSShJoG4=",
        "owner": "jeslie0",
        "repo": "passbemenu",
        "rev": "9c4f1ba6fd3fd3989e87de7dca26be73a93ffbaa",
        "type": "github"
      },
      "original": {
        "owner": "jeslie0",
        "repo": "passbemenu",
        "type": "github"
      }
    },
    "root": {
      "inputs": {
        "agdaGitHub": "agdaGitHub",
        "bemenuFocusGitHub": "bemenuFocusGitHub",
        "emacs-overlay": "emacs-overlay",
        "home-manager": "home-manager",
        "myfonts": "myfonts",
        "nixpkgs": "nixpkgs_4",
        "passbemenuGitHub": "passbemenuGitHub",
        "spotifyd": "spotifyd",
        "swaybgchangerGitHub": "swaybgchangerGitHub",
        "swaylockeffectsGitHub": "swaylockeffectsGitHub"
      }
    },
    "spotifyd": {
      "inputs": {
        "flake-utils": "flake-utils_7",
        "nixpkgs": "nixpkgs_5"
      },
      "locked": {
        "lastModified": 1664311162,
        "narHash": "sha256-cmxDgVGxyGbJUMTES99Q9KtfMWA5jA+DhS5MgEqBLCs=",
        "type": "git",
        "url": "file:///home/james/Documents/Nix/Spotifyd"
      },
      "original": {
        "type": "git",
        "url": "file:///home/james/Documents/Nix/Spotifyd"
      }
    },
    "swaybgchangerGitHub": {
      "inputs": {
        "flake-utils": "flake-utils_8",
        "nixpkgs": [
          "nixpkgs"
        ]
      },
      "locked": {
        "lastModified": 1655328588,
        "narHash": "sha256-hJjTxWrF+k8DMjnhruuvJvFX8C+lvrfDFPThKLaZww8=",
        "owner": "jeslie0",
        "repo": "swaybgchanger",
        "rev": "ffe4c6a769871af16a139063cdbde7229f311f23",
        "type": "github"
      },
      "original": {
        "owner": "jeslie0",
        "repo": "swaybgchanger",
        "type": "github"
      }
    },
    "swaylockeffectsGitHub": {
      "inputs": {
        "flake-utils": "flake-utils_9",
        "nixpkgs": [
          "nixpkgs"
        ]
      },
      "locked": {
        "lastModified": 1649088271,
        "narHash": "sha256-tY6JCWym8pwP50H+TdQTdscIRrq0G2g8wCXLJfQlB2k=",
        "owner": "jeslie0",
        "repo": "swaylock-effects-git",
        "rev": "88d91637b3e0ecfb10e7ff0386716db9d217516a",
        "type": "github"
      },
      "original": {
        "owner": "jeslie0",
        "repo": "swaylock-effects-git",
        "type": "github"
      }
    },
    "utils": {
      "locked": {
        "lastModified": 1659877975,
        "narHash": "sha256-zllb8aq3YO3h8B/U0/J1WBgAL8EX5yWf5pMj3G0NAmc=",
        "owner": "numtide",
        "repo": "flake-utils",
        "rev": "c0e246b9b83f637f4681389ecabcb2681b4f3af0",
        "type": "github"
      },
      "original": {
        "owner": "numtide",
        "repo": "flake-utils",
        "type": "github"
      }
    }
  },
  "root": "root",
  "version": 7
}
